// !$*UTF8*$!
{
	archiveVersion = 1;
	classes = {
	};
	objectVersion = 56;
	objects = {

/* Begin PBXBuildFile section */
		AABBCCDD00000000AABBCC12 /* AppDelegate.mm in Sources */ = {isa = PBXBuildFile; fileRef = AABBCCDD00000000AABBCC11 /* AppDelegate.mm */; };
		AABBCCDD00000000AABBCC15 /* main.m in Sources */ = {isa = PBXBuildFile; fileRef = AABBCCDD00000000AABBCC14 /* main.m */; };
		AABBCCDD00000000AABBCC18 /* Assets.xcassets in Resources */ = {isa = PBXBuildFile; fileRef = AABBCCDD00000000AABBCC17 /* Assets.xcassets */; };
		AABBCCDD00000000AABBCC1B /* Cocoa.framework in Frameworks */ = {isa = PBXBuildFile; fileRef = AABBCCDD00000000AABBCC1A /* Cocoa.framework */; };
		AABBCCDD00000000AABBCC1D /* ApplicationServices.framework in Frameworks */ = {isa = PBXBuildFile; fileRef = AABBCCDD00000000AABBCC1C /* ApplicationServices.framework */; };
		AABBCCDD00000000AABBCC1F /* Carbon.framework in Frameworks */ = {isa = PBXBuildFile; fileRef = AABBCCDD00000000AABBCC1E /* Carbon.framework */; };
/* End PBXBuildFile section */

/* Begin PBXFileReference section */
		AABBCCDD00000000AABBCC10 /* MiddleMouseFocus.app */ = {isa = PBXFileReference; explicitFileType = wrapper.application; includeInIndex = 0; path = MiddleMouseFocus.app; sourceTree = BUILT_PRODUCTS_DIR; };
		AABBCCDD00000000AABBCC11 /* AppDelegate.mm */ = {isa = PBXFileReference; lastKnownFileType = sourcecode.cpp.objcpp; path = AppDelegate.mm; sourceTree = "<group>"; };
		AABBCCDD00000000AABBCC13 /* AppDelegate.h */ = {isa = PBXFileReference; lastKnownFileType = sourcecode.c.h; path = AppDelegate.h; sourceTree = "<group>"; };
		AABBCCDD00000000AABBCC14 /* main.m */ = {isa = PBXFileReference; lastKnownFileType = sourcecode.c.objc; path = main.m; sourceTree = "<group>"; };
		AABBCCDD00000000AABBCC16 /* Info.plist */ = {isa = PBXFileReference; lastKnownFileType = text.plist.xml; path = Info.plist; sourceTree = "<group>"; };
		AABBCCDD00000000AABBCC17 /* Assets.xcassets */ = {isa = PBXFileReference; lastKnownFileType = folder.assetcatalog; path = Assets.xcassets; sourceTree = "<group>"; };
		AABBCCDD00000000AABBCC19 /* MiddleMouseFocus.entitlements */ = {isa = PBXFileReference; lastKnownFileType = text.plist.entitlements; path = MiddleMouseFocus.entitlements; sourceTree = "<group>"; };
		AABBCCDD00000000AABBCC1A /* Cocoa.framework */ = {isa = PBXFileReference; lastKnownFileType = wrapper.framework; name = Cocoa.framework; path = System/Library/Frameworks/Cocoa.framework; sourceTree = SDKROOT; };
		AABBCCDD00000000AABBCC1C /* ApplicationServices.framework */ = {isa = PBXFileReference; lastKnownFileType = wrapper.framework; name = ApplicationServices.framework; path = System/Library/Frameworks/ApplicationServices.framework; sourceTree = SDKROOT; };
		AABBCCDD00000000AABBCC1E /* Carbon.framework */ = {isa = PBXFileReference; lastKnownFileType = wrapper.framework; name = Carbon.framework; path = System/Library/Frameworks/Carbon.framework; sourceTree = SDKROOT; };
/* End PBXFileReference section */

/* Begin PBXFrameworksBuildPhase section */
		AABBCCDD00000000AABBCC0B /* Frameworks */ = {
			isa = PBXFrameworksBuildPhase;
			buildActionMask = 2147483647;
			files = (
				AABBCCDD00000000AABBCC1B /* Cocoa.framework in Frameworks */,
				AABBCCDD00000000AABBCC1D /* ApplicationServices.framework in Frameworks */,
				AABBCCDD00000000AABBCC1F /* Carbon.framework in Frameworks */,
			);
			runOnlyForDeploymentPostprocessing = 0;
		};
/* End PBXFrameworksBuildPhase section */

/* Begin PBXGroup section */
		AABBCCDD00000000AABBCC0C = {
			isa = PBXGroup;
			children = (
				AABBCCDD00000000AABBCC0E /* App */,
				AABBCCDD00000000AABBCC0F /* Frameworks */,
				AABBCCDD00000000AABBCC0D /* Products */,
			);
			sourceTree = "<group>";
		};
		AABBCCDD00000000AABBCC0D /* Products */ = {
			isa = PBXGroup;
			children = (
				AABBCCDD00000000AABBCC10 /* MiddleMouseFocus.app */,
			);
			name = Products;
			sourceTree = "<group>";
		};
		AABBCCDD00000000AABBCC0E /* App */ = {
			isa = PBXGroup;
			children = (
				AABBCCDD00000000AABBCC13 /* AppDelegate.h */,
				AABBCCDD00000000AABBCC11 /* AppDelegate.mm */,
				AABBCCDD00000000AABBCC14 /* main.m */,
				AABBCCDD00000000AABBCC16 /* Info.plist */,
				AABBCCDD00000000AABBCC19 /* MiddleMouseFocus.entitlements */,
				AABBCCDD00000000AABBCC17 /* Assets.xcassets */,
			);
			path = App;
			sourceTree = "<group>";
		};
		AABBCCDD00000000AABBCC0F /* Frameworks */ = {
			isa = PBXGroup;
			children = (
				AABBCCDD00000000AABBCC1A /* Cocoa.framework */,
				AABBCCDD00000000AABBCC1C /* ApplicationServices.framework */,
				AABBCCDD00000000AABBCC1E /* Carbon.framework */,
			);
			name = Frameworks;
			sourceTree = "<group>";
		};
/* End PBXGroup section */

/* Begin PBXNativeTarget section */
		AABBCCDD00000000AABBCC05 /* MiddleMouseFocus */ = {
			isa = PBXNativeTarget;
			buildConfigurationList = AABBCCDD00000000AABBCC06 /* Build configuration list for PBXNativeTarget "MiddleMouseFocus" */;
			buildPhases = (
				AABBCCDD00000000AABBCC09 /* Sources */,
				AABBCCDD00000000AABBCC0B /* Frameworks */,
				AABBCCDD00000000AABBCC0A /* Resources */,
			);
			buildRules = (
			);
			dependencies = (
			);
			name = MiddleMouseFocus;
			productName = MiddleMouseFocus;
			productReference = AABBCCDD00000000AABBCC10 /* MiddleMouseFocus.app */;
			productType = "com.apple.product-type.application";
		};
/* End PBXNativeTarget section */

/* Begin PBXProject section */
		AABBCCDD00000000AABBCC01 /* Project object */ = {
			isa = PBXProject;
			attributes = {
				BuildIndependentTargetsInParallel = 1;
				LastUpgradeCheck = 1500;
				TargetAttributes = {
					AABBCCDD00000000AABBCC05 = {
						CreatedOnToolsVersion = 15.0;
					};
				};
			};
			buildConfigurationList = AABBCCDD00000000AABBCC02 /* Build configuration list for PBXProject "MiddleMouseFocus" */;
			compatibilityVersion = "Xcode 14.0";
			developmentRegion = en;
			hasScannedForEncodings = 0;
			knownRegions = (
				en,
				Base,
			);
			mainGroup = AABBCCDD00000000AABBCC0C;
			productRefGroup = AABBCCDD00000000AABBCC0D /* Products */;
			projectDirPath = "";
			projectRoot = "";
			targets = (
				AABBCCDD00000000AABBCC05 /* MiddleMouseFocus */,
			);
		};
/* End PBXProject section */

/* Begin PBXResourcesBuildPhase section */
		AABBCCDD00000000AABBCC0A /* Resources */ = {
			isa = PBXResourcesBuildPhase;
			buildActionMask = 2147483647;
			files = (
				AABBCCDD00000000AABBCC18 /* Assets.xcassets in Resources */,
			);
			runOnlyForDeploymentPostprocessing = 0;
		};
/* End PBXResourcesBuildPhase section */

/* Begin PBXSourcesBuildPhase section */
		AABBCCDD00000000AABBCC09 /* Sources */ = {
			isa = PBXSourcesBuildPhase;
			buildActionMask = 2147483647;
			files = (
				AABBCCDD00000000AABBCC12 /* AppDelegate.mm in Sources */,
				AABBCCDD00000000AABBCC15 /* main.m in Sources */,
			);
			runOnlyForDeploymentPostprocessing = 0;
		};
/* End PBXSourcesBuildPhase section */

/* Begin XCBuildConfiguration section */
		AABBCCDD00000000AABBCC03 /* Debug */ = {
			isa = XCBuildConfiguration;
			buildSettings = {
				ALWAYS_SEARCH_USER_PATHS = NO;
				CLANG_ANALYZER_NONNULL = YES;
				CLANG_CXX_LANGUAGE_STANDARD = "gnu++20";
				CLANG_ENABLE_MODULES = YES;
				CLANG_ENABLE_OBJC_ARC = YES;
				CLANG_ENABLE_OBJC_WEAK = YES;
				CLANG_WARN_BLOCK_CAPTURE_AUTORELEASING = YES;
				CLANG_WARN_BOOL_CONVERSION = YES;
				CLANG_WARN_COMMA = YES;
				CLANG_WARN_CONSTANT_CONVERSION = YES;
				CLANG_WARN_DEPRECATED_OBJC_IMPLEMENTATIONS = YES;
				CLANG_WARN_DIRECT_OBJC_ISA_USAGE = YES_ERROR;
				CLANG_WARN_EMPTY_BODY = YES;
				CLANG_WARN_ENUM_CONVERSION = YES;
				CLANG_WARN_INFINITE_RECURSION = YES;
				CLANG_WARN_INT_CONVERSION = YES;
				CLANG_WARN_NON_LITERAL_NULL_CONVERSION = YES;
				CLANG_WARN_OBJC_IMPLICIT_RETAIN_SELF = YES;
				CLANG_WARN_OBJC_LITERAL_CONVERSION = YES;
				CLANG_WARN_OBJC_ROOT_CLASS = YES_ERROR;
				CLANG_WARN_RANGE_LOOP_ANALYSIS = YES;
				CLANG_WARN_STRICT_PROTOTYPES = YES;
				CLANG_WARN_SUSPICIOUS_MOVE = YES;
				CLANG_WARN_UNGUARDED_AVAILABILITY = YES_AGGRESSIVE;
				CLANG_WARN_UNREACHABLE_CODE = YES;
				CLANG_WARN__DUPLICATE_METHOD_MATCH = YES;
				COPY_PHASE_STRIP = NO;
				DEBUG_INFORMATION_FORMAT = dwarf;
				ENABLE_STRICT_OBJC_MSGSEND = YES;
				ENABLE_TESTABILITY = YES;
				GCC_C_LANGUAGE_STANDARD = gnu17;
				GCC_DYNAMIC_NO_PIC = NO;
				GCC_NO_COMMON_BLOCKS = YES;
				GCC_OPTIMIZATION_LEVEL = 0;
				GCC_PREPROCESSOR_DEFINITIONS = (
					"DEBUG=1",
					"$(inherited)",
				);
				GCC_WARN_64_TO_32_BIT_CONVERSION = YES;
				GCC_WARN_ABOUT_RETURN_TYPE = YES_ERROR;
				GCC_WARN_UNDECLARED_SELECTOR = YES;
				GCC_WARN_UNINITIALIZED_AUTOS = YES_AGGRESSIVE;
				GCC_WARN_UNUSED_FUNCTION = YES;
				GCC_WARN_UNUSED_VARIABLE = YES;
				MACOSX_DEPLOYMENT_TARGET = 11.0;
				MTL_FAST_MATH = YES;
				ONLY_ACTIVE_ARCH = YES;
				SDKROOT = macosx;
			};
			name = Debug;
		};
		AABBCCDD00000000AABBCC04 /* Release */ = {
			isa = XCBuildConfiguration;
			buildSettings = {
				ALWAYS_SEARCH_USER_PATHS = NO;
				CLANG_ANALYZER_NONNULL = YES;
				CLANG_CXX_LANGUAGE_STANDARD = "gnu++20";
				CLANG_ENABLE_MODULES = YES;
				CLANG_ENABLE_OBJC_ARC = YES;
				CLANG_ENABLE_OBJC_WEAK = YES;
				CLANG_WARN_BLOCK_CAPTURE_AUTORELEASING = YES;
				CLANG_WARN_BOOL_CONVERSION = YES;
				CLANG_WARN_COMMA = YES;
				CLANG_WARN_CONSTANT_CONVERSION = YES;
				CLANG_WARN_DEPRECATED_OBJC_IMPLEMENTATIONS = YES;
				CLANG_WARN_DIRECT_OBJC_ISA_USAGE = YES_ERROR;
				CLANG_WARN_EMPTY_BODY = YES;
				CLANG_WARN_ENUM_CONVERSION = YES;
				CLANG_WARN_INFINITE_RECURSION = YES;
				CLANG_WARN_INT_CONVERSION = YES;
				CLANG_WARN_NON_LITERAL_NULL_CONVERSION = YES;
				CLANG_WARN_OBJC_IMPLICIT_RETAIN_SELF = YES;
				CLANG_WARN_OBJC_LITERAL_CONVERSION = YES;
				CLANG_WARN_OBJC_ROOT_CLASS = YES_ERROR;
				CLANG_WARN_RANGE_LOOP_ANALYSIS = YES;
				CLANG_WARN_STRICT_PROTOTYPES = YES;
				CLANG_WARN_SUSPICIOUS_MOVE = YES;
				CLANG_WARN_UNGUARDED_AVAILABILITY = YES_AGGRESSIVE;
				CLANG_WARN_UNREACHABLE_CODE = YES;
				CLANG_WARN__DUPLICATE_METHOD_MATCH = YES;
				COPY_PHASE_STRIP = NO;
				DEBUG_INFORMATION_FORMAT = "dwarf-with-dsym";
				ENABLE_NS_ASSERTIONS = NO;
				ENABLE_STRICT_OBJC_MSGSEND = YES;
				GCC_C_LANGUAGE_STANDARD = gnu17;
				GCC_NO_COMMON_BLOCKS = YES;
				GCC_WARN_64_TO_32_BIT_CONVERSION = YES;
				GCC_WARN_ABOUT_RETURN_TYPE = YES_ERROR;
				GCC_WARN_UNDECLARED_SELECTOR = YES;
				GCC_WARN_UNINITIALIZED_AUTOS = YES_AGGRESSIVE;
				GCC_WARN_UNUSED_FUNCTION = YES;
				GCC_WARN_UNUSED_VARIABLE = YES;
				MACOSX_DEPLOYMENT_TARGET = 11.0;
				MTL_FAST_MATH = YES;
				SDKROOT = macosx;
			};
			name = Release;
		};
		AABBCCDD00000000AABBCC07 /* Debug */ = {
			isa = XCBuildConfiguration;
			buildSettings = {
				ASSETCATALOG_COMPILER_APPICON_NAME = AppIcon;
				CODE_SIGN_ENTITLEMENTS = App/MiddleMouseFocus.entitlements;
				"CODE_SIGN_IDENTITY[sdk=macosx*]" = "Apple Development";
				CODE_SIGN_STYLE = Automatic;
				COMBINE_HIDPI_IMAGES = YES;
				CURRENT_PROJECT_VERSION = 1;
				DEVELOPMENT_TEAM = 8BC58HVUU8;
				ENABLE_HARDENED_RUNTIME = YES;
				GCC_ENABLE_OBJC_EXCEPTIONS = YES;
				INFOPLIST_FILE = App/Info.plist;
				INFOPLIST_KEY_CFBundleDisplayName = "Middle Mouse Focus";
				INFOPLIST_KEY_LSApplicationCategoryType = "public.app-category.utilities";
				LD_RUNPATH_SEARCH_PATHS = (
					"$(inherited)",
					"@executable_path/../Frameworks",
				);
				MACOSX_DEPLOYMENT_TARGET = 11.0;
				MARKETING_VERSION = 2.0.0;
				PRODUCT_BUNDLE_IDENTIFIER = dev.himon.middlemousefocus;
				PRODUCT_NAME = "$(TARGET_NAME)";
				SDKROOT = macosx;
			};
			name = Debug;
		};
		AABBCCDD00000000AABBCC08 /* Release */ = {
			isa = XCBuildConfiguration;
			buildSettings = {
				ASSETCATALOG_COMPILER_APPICON_NAME = AppIcon;
				CODE_SIGN_ENTITLEMENTS = App/MiddleMouseFocus.entitlements;
				"CODE_SIGN_IDENTITY[sdk=macosx*]" = "Apple Development";
				CODE_SIGN_STYLE = Automatic;
				COMBINE_HIDPI_IMAGES = YES;
				CURRENT_PROJECT_VERSION = 1;
				DEVELOPMENT_TEAM = 8BC58HVUU8;
				ENABLE_HARDENED_RUNTIME = YES;
				GCC_ENABLE_OBJC_EXCEPTIONS = YES;
				INFOPLIST_FILE = App/Info.plist;
				INFOPLIST_KEY_CFBundleDisplayName = "Middle Mouse Focus";
				INFOPLIST_KEY_LSApplicationCategoryType = "public.app-category.utilities";
				LD_RUNPATH_SEARCH_PATHS = (
					"$(inherited)",
					"@executable_path/../Frameworks",
				);
				MACOSX_DEPLOYMENT_TARGET = 11.0;
				MARKETING_VERSION = 2.0.0;
				PRODUCT_BUNDLE_IDENTIFIER = dev.himon.middlemousefocus;
				PRODUCT_NAME = "$(TARGET_NAME)";
				SDKROOT = macosx;
			};
			name = Release;
		};
/* End XCBuildConfiguration section */

/* Begin XCConfigurationList section */
		AABBCCDD00000000AABBCC02 /* Build configuration list for PBXProject "MiddleMouseFocus" */ = {
			isa = XCConfigurationList;
			buildConfigurations = (
				AABBCCDD00000000AABBCC03 /* Debug */,
				AABBCCDD00000000AABBCC04 /* Release */,
			);
			defaultConfigurationIsVisible = 0;
			defaultConfigurationName = Release;
		};
		AABBCCDD00000000AABBCC06 /* Build configuration list for PBXNativeTarget "MiddleMouseFocus" */ = {
			isa = XCConfigurationList;
			buildConfigurations = (
				AABBCCDD00000000AABBCC07 /* Debug */,
				AABBCCDD00000000AABBCC08 /* Release */,
			);
			defaultConfigurationIsVisible = 0;
			defaultConfigurationName = Release;
		};
/* End XCConfigurationList section */
	};
	rootObject = AABBCCDD00000000AABBCC01 /* Project object */;
}
